
Microsoft Visual Studio Solution File, Format Version 12.00
# Visual Studio Version 16
VisualStudioVersion = 25.0.1705.2
MinimumVisualStudioVersion = 10.0.40219.1
Project("{FAE04EC0-301F-11D3-BF4B-00C04F79EFBC}") = "Mission12Backend", "Mission12Backend\Mission12Backend.csproj", "{EEE850C8-4135-4D90-B4ED-3ABF20793BD0}"
EndProject
Global
	GlobalSection(SolutionConfigurationPlatforms) = preSolution
		Debug|Any CPU = Debug|Any CPU
		Release|Any CPU = Release|Any CPU
	EndGlobalSection
	GlobalSection(ProjectConfigurationPlatforms) = postSolution
		{EEE850C8-4135-4D90-B4ED-3ABF20793BD0}.Debug|Any CPU.ActiveCfg = Debug|Any CPU
		{EEE850C8-4135-4D90-B4ED-3ABF20793BD0}.Debug|Any CPU.Build.0 = Debug|Any CPU
		{EEE850C8-4135-4D90-B4ED-3ABF20793BD0}.Release|Any CPU.ActiveCfg = Release|Any CPU
		{EEE850C8-4135-4D90-B4ED-3ABF20793BD0}.Release|Any CPU.Build.0 = Release|Any CPU
	EndGlobalSection
	GlobalSection(SolutionProperties) = preSolution
		HideSolutionNode = FALSE
	EndGlobalSection
	GlobalSection(ExtensibilityGlobals) = postSolution
		SolutionGuid = {2FCC5F87-8836-4EC4-9E4B-A90EB6C8CD87}
	EndGlobalSection
EndGlobal
